
Microsoft Visual Studio Solution File, Format Version 12.00
# Visual Studio Version 17
VisualStudioVersion = 17.9.34728.123
MinimumVisualStudioVersion = 10.0.40219.1
Project("{FAE04EC0-301F-11D3-BF4B-00C04F79EFBC}") = "GymMembershipSystem.Web", "GymMembershipSystem.Web\GymMembershipSystem.Web.csproj", "{9AA32F13-67C8-4235-B0E1-77C4D94EA908}"
EndProject
Project("{FAE04EC0-301F-11D3-BF4B-00C04F79EFBC}") = "GymMembershipSystem.Data", "GymMembershipSystem.Data\GymMembershipSystem.Data.csproj", "{811BEA4A-16E0-4913-A484-770886EA905C}"
EndProject
Project("{FAE04EC0-301F-11D3-BF4B-00C04F79EFBC}") = "GymMembershipSystem.Services", "GymMembershipSystem.Services\GymMembershipSystem.Services.csproj", "{7BEA45C3-AC3D-4FE1-8F12-2051DD21F924}"
EndProject
Global
	GlobalSection(SolutionConfigurationPlatforms) = preSolution
		Debug|Any CPU = Debug|Any CPU
		Release|Any CPU = Release|Any CPU
	EndGlobalSection
	GlobalSection(ProjectConfigurationPlatforms) = postSolution
		{9AA32F13-67C8-4235-B0E1-77C4D94EA908}.Debug|Any CPU.ActiveCfg = Debug|Any CPU
		{9AA32F13-67C8-4235-B0E1-77C4D94EA908}.Debug|Any CPU.Build.0 = Debug|Any CPU
		{9AA32F13-67C8-4235-B0E1-77C4D94EA908}.Release|Any CPU.ActiveCfg = Release|Any CPU
		{9AA32F13-67C8-4235-B0E1-77C4D94EA908}.Release|Any CPU.Build.0 = Release|Any CPU
		{811BEA4A-16E0-4913-A484-770886EA905C}.Debug|Any CPU.ActiveCfg = Debug|Any CPU
		{811BEA4A-16E0-4913-A484-770886EA905C}.Debug|Any CPU.Build.0 = Debug|Any CPU
		{811BEA4A-16E0-4913-A484-770886EA905C}.Release|Any CPU.ActiveCfg = Release|Any CPU
		{811BEA4A-16E0-4913-A484-770886EA905C}.Release|Any CPU.Build.0 = Release|Any CPU
		{7BEA45C3-AC3D-4FE1-8F12-2051DD21F924}.Debug|Any CPU.ActiveCfg = Debug|Any CPU
		{7BEA45C3-AC3D-4FE1-8F12-2051DD21F924}.Debug|Any CPU.Build.0 = Debug|Any CPU
		{7BEA45C3-AC3D-4FE1-8F12-2051DD21F924}.Release|Any CPU.ActiveCfg = Release|Any CPU
		{7BEA45C3-AC3D-4FE1-8F12-2051DD21F924}.Release|Any CPU.Build.0 = Release|Any CPU
	EndGlobalSection
	GlobalSection(SolutionProperties) = preSolution
		HideSolutionNode = FALSE
	EndGlobalSection
	GlobalSection(ExtensibilityGlobals) = postSolution
		SolutionGuid = {31447839-D542-4711-9C9A-04389FAA3C6F}
	EndGlobalSection
EndGlobal
